
Microsoft Visual Studio Solution File, Format Version 12.00
# Visual Studio 15
VisualStudioVersion = 15.0.26124.0
MinimumVisualStudioVersion = 15.0.26124.0
Project("{FAE04EC0-301F-11D3-BF4B-00C04F79EFBC}") = "ClassNumber01_Types", "ClassNumber01_Types\ClassNumber01_Types.csproj", "{F20AFD02-E121-4D12-903A-FB9A5B54FBDC}"
EndProject
Project("{FAE04EC0-301F-11D3-BF4B-00C04F79EFBC}") = "ClassNumber02_Casting", "ClassNumber02_Casting\ClassNumber02_Casting.csproj", "{AA8941D9-BFBE-4C1A-8381-06B038F9859A}"
EndProject
Project("{FAE04EC0-301F-11D3-BF4B-00C04F79EFBC}") = "ClassNumber03_String", "ClassNumber03_String\ClassNumber03_String.csproj", "{E92EF3F5-8757-48D9-9CAA-09D49B7B9ED2}"
EndProject
Project("{FAE04EC0-301F-11D3-BF4B-00C04F79EFBC}") = "ClassNumber04_Statement", "ClassNumber04_Statement\ClassNumber04_Statement.csproj", "{0E110C84-7FF9-4D92-9DB1-A256AF4D846B}"
EndProject
Project("{FAE04EC0-301F-11D3-BF4B-00C04F79EFBC}") = "ExerciseNumber01_String", "ExerciseNumber01_String\ExerciseNumber01_String.csproj", "{68620BA2-EC85-4D9B-9801-FFC307F2D2FC}"
EndProject
Project("{FAE04EC0-301F-11D3-BF4B-00C04F79EFBC}") = "ExerciseNumber02_Statement", "ExerciseNumber02_Statement\ExerciseNumber02_Statement.csproj", "{D1C2F2EB-EBC1-415F-870D-0823B660C557}"
EndProject
Project("{FAE04EC0-301F-11D3-BF4B-00C04F79EFBC}") = "ClassNumber05_OOP", "ClassNumber05_OOP\ClassNumber05_OOP.csproj", "{943A6758-90DF-42F9-8DFA-CAFB1F0B943E}"
EndProject
Project("{FAE04EC0-301F-11D3-BF4B-00C04F79EFBC}") = "ClassNumber06_OOP", "ClassNumber06_OOP\ClassNumber06_OOP.csproj", "{7CA1A32C-39DC-4B61-86DD-7ABD7AA30751}"
EndProject
Global
	GlobalSection(SolutionConfigurationPlatforms) = preSolution
		Debug|Any CPU = Debug|Any CPU
		Debug|x64 = Debug|x64
		Debug|x86 = Debug|x86
		Release|Any CPU = Release|Any CPU
		Release|x64 = Release|x64
		Release|x86 = Release|x86
	EndGlobalSection
	GlobalSection(SolutionProperties) = preSolution
		HideSolutionNode = FALSE
	EndGlobalSection
	GlobalSection(ProjectConfigurationPlatforms) = postSolution
		{F20AFD02-E121-4D12-903A-FB9A5B54FBDC}.Debug|Any CPU.ActiveCfg = Debug|Any CPU
		{F20AFD02-E121-4D12-903A-FB9A5B54FBDC}.Debug|Any CPU.Build.0 = Debug|Any CPU
		{F20AFD02-E121-4D12-903A-FB9A5B54FBDC}.Debug|x64.ActiveCfg = Debug|Any CPU
		{F20AFD02-E121-4D12-903A-FB9A5B54FBDC}.Debug|x64.Build.0 = Debug|Any CPU
		{F20AFD02-E121-4D12-903A-FB9A5B54FBDC}.Debug|x86.ActiveCfg = Debug|Any CPU
		{F20AFD02-E121-4D12-903A-FB9A5B54FBDC}.Debug|x86.Build.0 = Debug|Any CPU
		{F20AFD02-E121-4D12-903A-FB9A5B54FBDC}.Release|Any CPU.ActiveCfg = Release|Any CPU
		{F20AFD02-E121-4D12-903A-FB9A5B54FBDC}.Release|Any CPU.Build.0 = Release|Any CPU
		{F20AFD02-E121-4D12-903A-FB9A5B54FBDC}.Release|x64.ActiveCfg = Release|Any CPU
		{F20AFD02-E121-4D12-903A-FB9A5B54FBDC}.Release|x64.Build.0 = Release|Any CPU
		{F20AFD02-E121-4D12-903A-FB9A5B54FBDC}.Release|x86.ActiveCfg = Release|Any CPU
		{F20AFD02-E121-4D12-903A-FB9A5B54FBDC}.Release|x86.Build.0 = Release|Any CPU
		{AA8941D9-BFBE-4C1A-8381-06B038F9859A}.Debug|Any CPU.ActiveCfg = Debug|Any CPU
		{AA8941D9-BFBE-4C1A-8381-06B038F9859A}.Debug|Any CPU.Build.0 = Debug|Any CPU
		{AA8941D9-BFBE-4C1A-8381-06B038F9859A}.Debug|x64.ActiveCfg = Debug|Any CPU
		{AA8941D9-BFBE-4C1A-8381-06B038F9859A}.Debug|x64.Build.0 = Debug|Any CPU
		{AA8941D9-BFBE-4C1A-8381-06B038F9859A}.Debug|x86.ActiveCfg = Debug|Any CPU
		{AA8941D9-BFBE-4C1A-8381-06B038F9859A}.Debug|x86.Build.0 = Debug|Any CPU
		{AA8941D9-BFBE-4C1A-8381-06B038F9859A}.Release|Any CPU.ActiveCfg = Release|Any CPU
		{AA8941D9-BFBE-4C1A-8381-06B038F9859A}.Release|Any CPU.Build.0 = Release|Any CPU
		{AA8941D9-BFBE-4C1A-8381-06B038F9859A}.Release|x64.ActiveCfg = Release|Any CPU
		{AA8941D9-BFBE-4C1A-8381-06B038F9859A}.Release|x64.Build.0 = Release|Any CPU
		{AA8941D9-BFBE-4C1A-8381-06B038F9859A}.Release|x86.ActiveCfg = Release|Any CPU
		{AA8941D9-BFBE-4C1A-8381-06B038F9859A}.Release|x86.Build.0 = Release|Any CPU
		{E92EF3F5-8757-48D9-9CAA-09D49B7B9ED2}.Debug|Any CPU.ActiveCfg = Debug|Any CPU
		{E92EF3F5-8757-48D9-9CAA-09D49B7B9ED2}.Debug|Any CPU.Build.0 = Debug|Any CPU
		{E92EF3F5-8757-48D9-9CAA-09D49B7B9ED2}.Debug|x64.ActiveCfg = Debug|Any CPU
		{E92EF3F5-8757-48D9-9CAA-09D49B7B9ED2}.Debug|x64.Build.0 = Debug|Any CPU
		{E92EF3F5-8757-48D9-9CAA-09D49B7B9ED2}.Debug|x86.ActiveCfg = Debug|Any CPU
		{E92EF3F5-8757-48D9-9CAA-09D49B7B9ED2}.Debug|x86.Build.0 = Debug|Any CPU
		{E92EF3F5-8757-48D9-9CAA-09D49B7B9ED2}.Release|Any CPU.ActiveCfg = Release|Any CPU
		{E92EF3F5-8757-48D9-9CAA-09D49B7B9ED2}.Release|Any CPU.Build.0 = Release|Any CPU
		{E92EF3F5-8757-48D9-9CAA-09D49B7B9ED2}.Release|x64.ActiveCfg = Release|Any CPU
		{E92EF3F5-8757-48D9-9CAA-09D49B7B9ED2}.Release|x64.Build.0 = Release|Any CPU
		{E92EF3F5-8757-48D9-9CAA-09D49B7B9ED2}.Release|x86.ActiveCfg = Release|Any CPU
		{E92EF3F5-8757-48D9-9CAA-09D49B7B9ED2}.Release|x86.Build.0 = Release|Any CPU
		{0E110C84-7FF9-4D92-9DB1-A256AF4D846B}.Debug|Any CPU.ActiveCfg = Debug|Any CPU
		{0E110C84-7FF9-4D92-9DB1-A256AF4D846B}.Debug|Any CPU.Build.0 = Debug|Any CPU
		{0E110C84-7FF9-4D92-9DB1-A256AF4D846B}.Debug|x64.ActiveCfg = Debug|Any CPU
		{0E110C84-7FF9-4D92-9DB1-A256AF4D846B}.Debug|x64.Build.0 = Debug|Any CPU
		{0E110C84-7FF9-4D92-9DB1-A256AF4D846B}.Debug|x86.ActiveCfg = Debug|Any CPU
		{0E110C84-7FF9-4D92-9DB1-A256AF4D846B}.Debug|x86.Build.0 = Debug|Any CPU
		{0E110C84-7FF9-4D92-9DB1-A256AF4D846B}.Release|Any CPU.ActiveCfg = Release|Any CPU
		{0E110C84-7FF9-4D92-9DB1-A256AF4D846B}.Release|Any CPU.Build.0 = Release|Any CPU
		{0E110C84-7FF9-4D92-9DB1-A256AF4D846B}.Release|x64.ActiveCfg = Release|Any CPU
		{0E110C84-7FF9-4D92-9DB1-A256AF4D846B}.Release|x64.Build.0 = Release|Any CPU
		{0E110C84-7FF9-4D92-9DB1-A256AF4D846B}.Release|x86.ActiveCfg = Release|Any CPU
		{0E110C84-7FF9-4D92-9DB1-A256AF4D846B}.Release|x86.Build.0 = Release|Any CPU
		{68620BA2-EC85-4D9B-9801-FFC307F2D2FC}.Debug|Any CPU.ActiveCfg = Debug|Any CPU
		{68620BA2-EC85-4D9B-9801-FFC307F2D2FC}.Debug|Any CPU.Build.0 = Debug|Any CPU
		{68620BA2-EC85-4D9B-9801-FFC307F2D2FC}.Debug|x64.ActiveCfg = Debug|Any CPU
		{68620BA2-EC85-4D9B-9801-FFC307F2D2FC}.Debug|x64.Build.0 = Debug|Any CPU
		{68620BA2-EC85-4D9B-9801-FFC307F2D2FC}.Debug|x86.ActiveCfg = Debug|Any CPU
		{68620BA2-EC85-4D9B-9801-FFC307F2D2FC}.Debug|x86.Build.0 = Debug|Any CPU
		{68620BA2-EC85-4D9B-9801-FFC307F2D2FC}.Release|Any CPU.ActiveCfg = Release|Any CPU
		{68620BA2-EC85-4D9B-9801-FFC307F2D2FC}.Release|Any CPU.Build.0 = Release|Any CPU
		{68620BA2-EC85-4D9B-9801-FFC307F2D2FC}.Release|x64.ActiveCfg = Release|Any CPU
		{68620BA2-EC85-4D9B-9801-FFC307F2D2FC}.Release|x64.Build.0 = Release|Any CPU
		{68620BA2-EC85-4D9B-9801-FFC307F2D2FC}.Release|x86.ActiveCfg = Release|Any CPU
		{68620BA2-EC85-4D9B-9801-FFC307F2D2FC}.Release|x86.Build.0 = Release|Any CPU
		{D1C2F2EB-EBC1-415F-870D-0823B660C557}.Debug|Any CPU.ActiveCfg = Debug|Any CPU
		{D1C2F2EB-EBC1-415F-870D-0823B660C557}.Debug|Any CPU.Build.0 = Debug|Any CPU
		{D1C2F2EB-EBC1-415F-870D-0823B660C557}.Debug|x64.ActiveCfg = Debug|Any CPU
		{D1C2F2EB-EBC1-415F-870D-0823B660C557}.Debug|x64.Build.0 = Debug|Any CPU
		{D1C2F2EB-EBC1-415F-870D-0823B660C557}.Debug|x86.ActiveCfg = Debug|Any CPU
		{D1C2F2EB-EBC1-415F-870D-0823B660C557}.Debug|x86.Build.0 = Debug|Any CPU
		{D1C2F2EB-EBC1-415F-870D-0823B660C557}.Release|Any CPU.ActiveCfg = Release|Any CPU
		{D1C2F2EB-EBC1-415F-870D-0823B660C557}.Release|Any CPU.Build.0 = Release|Any CPU
		{D1C2F2EB-EBC1-415F-870D-0823B660C557}.Release|x64.ActiveCfg = Release|Any CPU
		{D1C2F2EB-EBC1-415F-870D-0823B660C557}.Release|x64.Build.0 = Release|Any CPU
		{D1C2F2EB-EBC1-415F-870D-0823B660C557}.Release|x86.ActiveCfg = Release|Any CPU
		{D1C2F2EB-EBC1-415F-870D-0823B660C557}.Release|x86.Build.0 = Release|Any CPU
		{943A6758-90DF-42F9-8DFA-CAFB1F0B943E}.Debug|Any CPU.ActiveCfg = Debug|Any CPU
		{943A6758-90DF-42F9-8DFA-CAFB1F0B943E}.Debug|Any CPU.Build.0 = Debug|Any CPU
		{943A6758-90DF-42F9-8DFA-CAFB1F0B943E}.Debug|x64.ActiveCfg = Debug|Any CPU
		{943A6758-90DF-42F9-8DFA-CAFB1F0B943E}.Debug|x64.Build.0 = Debug|Any CPU
		{943A6758-90DF-42F9-8DFA-CAFB1F0B943E}.Debug|x86.ActiveCfg = Debug|Any CPU
		{943A6758-90DF-42F9-8DFA-CAFB1F0B943E}.Debug|x86.Build.0 = Debug|Any CPU
		{943A6758-90DF-42F9-8DFA-CAFB1F0B943E}.Release|Any CPU.ActiveCfg = Release|Any CPU
		{943A6758-90DF-42F9-8DFA-CAFB1F0B943E}.Release|Any CPU.Build.0 = Release|Any CPU
		{943A6758-90DF-42F9-8DFA-CAFB1F0B943E}.Release|x64.ActiveCfg = Release|Any CPU
		{943A6758-90DF-42F9-8DFA-CAFB1F0B943E}.Release|x64.Build.0 = Release|Any CPU
		{943A6758-90DF-42F9-8DFA-CAFB1F0B943E}.Release|x86.ActiveCfg = Release|Any CPU
		{943A6758-90DF-42F9-8DFA-CAFB1F0B943E}.Release|x86.Build.0 = Release|Any CPU
		{7CA1A32C-39DC-4B61-86DD-7ABD7AA30751}.Debug|Any CPU.ActiveCfg = Debug|Any CPU
		{7CA1A32C-39DC-4B61-86DD-7ABD7AA30751}.Debug|Any CPU.Build.0 = Debug|Any CPU
		{7CA1A32C-39DC-4B61-86DD-7ABD7AA30751}.Debug|x64.ActiveCfg = Debug|Any CPU
		{7CA1A32C-39DC-4B61-86DD-7ABD7AA30751}.Debug|x64.Build.0 = Debug|Any CPU
		{7CA1A32C-39DC-4B61-86DD-7ABD7AA30751}.Debug|x86.ActiveCfg = Debug|Any CPU
		{7CA1A32C-39DC-4B61-86DD-7ABD7AA30751}.Debug|x86.Build.0 = Debug|Any CPU
		{7CA1A32C-39DC-4B61-86DD-7ABD7AA30751}.Release|Any CPU.ActiveCfg = Release|Any CPU
		{7CA1A32C-39DC-4B61-86DD-7ABD7AA30751}.Release|Any CPU.Build.0 = Release|Any CPU
		{7CA1A32C-39DC-4B61-86DD-7ABD7AA30751}.Release|x64.ActiveCfg = Release|Any CPU
		{7CA1A32C-39DC-4B61-86DD-7ABD7AA30751}.Release|x64.Build.0 = Release|Any CPU
		{7CA1A32C-39DC-4B61-86DD-7ABD7AA30751}.Release|x86.ActiveCfg = Release|Any CPU
		{7CA1A32C-39DC-4B61-86DD-7ABD7AA30751}.Release|x86.Build.0 = Release|Any CPU
	EndGlobalSection
EndGlobal
